
Microsoft Visual Studio Solution File, Format Version 12.00
# Visual Studio Version 17
VisualStudioVersion = 17.0.31903.59
MinimumVisualStudioVersion = 10.0.40219.1
Project("{FAE04EC0-301F-11D3-BF4B-00C04F79EFBC}") = "EnumAndStruct", "EnumAndStruct\EnumAndStruct.csproj", "{C362E958-C2EF-443F-B865-4205DD7E6C82}"
EndProject
Project("{FAE04EC0-301F-11D3-BF4B-00C04F79EFBC}") = "OopsClasses", "OopsClasses\OopsClasses.csproj", "{960300A6-D371-48FC-B64F-3F44CE62E99C}"
EndProject
Project("{FAE04EC0-301F-11D3-BF4B-00C04F79EFBC}") = "OOpsBanking", "OOpsBanking\OOpsBanking.csproj", "{CFD79DB1-19A6-486D-A385-6CCF0B292910}"
EndProject
Project("{FAE04EC0-301F-11D3-BF4B-00C04F79EFBC}") = "InterfacesBasics", "InterfacesBasics\InterfacesBasics.csproj", "{1600A205-BB00-4203-B7C2-031F9E0DB151}"
EndProject
Project("{FAE04EC0-301F-11D3-BF4B-00C04F79EFBC}") = "PartialClass", "PartialClass\PartialClass.csproj", "{556DCB2B-1BC3-4FD9-9ED5-95C5E4183549}"
EndProject
Project("{FAE04EC0-301F-11D3-BF4B-00C04F79EFBC}") = "ExtentionMethods", "ExtentionMethods\ExtentionMethods.csproj", "{AA73E8F0-4FEE-47D0-8240-FB1CFFF0CADF}"
EndProject
Project("{FAE04EC0-301F-11D3-BF4B-00C04F79EFBC}") = "ExceptionHandling", "ExceptionHandling\ExceptionHandling.csproj", "{38A0A41C-E38E-4ABA-982F-25F6ABB7B613}"
EndProject
Project("{FAE04EC0-301F-11D3-BF4B-00C04F79EFBC}") = "LoggingBAsics", "LoggingBAsics\LoggingBAsics.csproj", "{6E7E34E9-CFBC-44F3-839E-D75A1DC43781}"
EndProject
Project("{FAE04EC0-301F-11D3-BF4B-00C04F79EFBC}") = "DelegatesInCSharp", "DelegatesInCSharp\DelegatesInCSharp.csproj", "{CE1AF5A8-C0AB-427B-A11D-D1A8DB8EB455}"
EndProject
Project("{FAE04EC0-301F-11D3-BF4B-00C04F79EFBC}") = "EventsInCSharp", "EventsInCSharp\EventsInCSharp.csproj", "{A10A0212-EEDB-4F66-BA1D-6D1E698A7EAA}"
EndProject
Project("{FAE04EC0-301F-11D3-BF4B-00C04F79EFBC}") = "AsyncFunctions", "AsyncFunctions\AsyncFunctions.csproj", "{8BE6FD16-FECA-4B7B-9241-6994A1471A2B}"
EndProject
Project("{FAE04EC0-301F-11D3-BF4B-00C04F79EFBC}") = "AsynCancellation", "AsynCancellation\AsynCancellation.csproj", "{45D2DAFC-E21E-40A4-B1D2-21DF2FC56220}"
EndProject
Project("{FAE04EC0-301F-11D3-BF4B-00C04F79EFBC}") = "LambdaFunctions", "LambdaFunctions\LambdaFunctions.csproj", "{24BF3113-A6C2-4DC6-823E-985258CB1A2F}"
EndProject
Project("{FAE04EC0-301F-11D3-BF4B-00C04F79EFBC}") = "CollectionAndLinq", "CollectionAndLinq\CollectionAndLinq.csproj", "{0A582593-61E2-43B8-B32C-D4F7CFA35548}"
EndProject
Global
	GlobalSection(SolutionConfigurationPlatforms) = preSolution
		Debug|Any CPU = Debug|Any CPU
		Release|Any CPU = Release|Any CPU
	EndGlobalSection
	GlobalSection(SolutionProperties) = preSolution
		HideSolutionNode = FALSE
	EndGlobalSection
	GlobalSection(ProjectConfigurationPlatforms) = postSolution
		{C362E958-C2EF-443F-B865-4205DD7E6C82}.Debug|Any CPU.ActiveCfg = Debug|Any CPU
		{C362E958-C2EF-443F-B865-4205DD7E6C82}.Debug|Any CPU.Build.0 = Debug|Any CPU
		{C362E958-C2EF-443F-B865-4205DD7E6C82}.Release|Any CPU.ActiveCfg = Release|Any CPU
		{C362E958-C2EF-443F-B865-4205DD7E6C82}.Release|Any CPU.Build.0 = Release|Any CPU
		{960300A6-D371-48FC-B64F-3F44CE62E99C}.Debug|Any CPU.ActiveCfg = Debug|Any CPU
		{960300A6-D371-48FC-B64F-3F44CE62E99C}.Debug|Any CPU.Build.0 = Debug|Any CPU
		{960300A6-D371-48FC-B64F-3F44CE62E99C}.Release|Any CPU.ActiveCfg = Release|Any CPU
		{960300A6-D371-48FC-B64F-3F44CE62E99C}.Release|Any CPU.Build.0 = Release|Any CPU
		{CFD79DB1-19A6-486D-A385-6CCF0B292910}.Debug|Any CPU.ActiveCfg = Debug|Any CPU
		{CFD79DB1-19A6-486D-A385-6CCF0B292910}.Debug|Any CPU.Build.0 = Debug|Any CPU
		{CFD79DB1-19A6-486D-A385-6CCF0B292910}.Release|Any CPU.ActiveCfg = Release|Any CPU
		{CFD79DB1-19A6-486D-A385-6CCF0B292910}.Release|Any CPU.Build.0 = Release|Any CPU
		{1600A205-BB00-4203-B7C2-031F9E0DB151}.Debug|Any CPU.ActiveCfg = Debug|Any CPU
		{1600A205-BB00-4203-B7C2-031F9E0DB151}.Debug|Any CPU.Build.0 = Debug|Any CPU
		{1600A205-BB00-4203-B7C2-031F9E0DB151}.Release|Any CPU.ActiveCfg = Release|Any CPU
		{1600A205-BB00-4203-B7C2-031F9E0DB151}.Release|Any CPU.Build.0 = Release|Any CPU
		{556DCB2B-1BC3-4FD9-9ED5-95C5E4183549}.Debug|Any CPU.ActiveCfg = Debug|Any CPU
		{556DCB2B-1BC3-4FD9-9ED5-95C5E4183549}.Debug|Any CPU.Build.0 = Debug|Any CPU
		{556DCB2B-1BC3-4FD9-9ED5-95C5E4183549}.Release|Any CPU.ActiveCfg = Release|Any CPU
		{556DCB2B-1BC3-4FD9-9ED5-95C5E4183549}.Release|Any CPU.Build.0 = Release|Any CPU
		{AA73E8F0-4FEE-47D0-8240-FB1CFFF0CADF}.Debug|Any CPU.ActiveCfg = Debug|Any CPU
		{AA73E8F0-4FEE-47D0-8240-FB1CFFF0CADF}.Debug|Any CPU.Build.0 = Debug|Any CPU
		{AA73E8F0-4FEE-47D0-8240-FB1CFFF0CADF}.Release|Any CPU.ActiveCfg = Release|Any CPU
		{AA73E8F0-4FEE-47D0-8240-FB1CFFF0CADF}.Release|Any CPU.Build.0 = Release|Any CPU
		{38A0A41C-E38E-4ABA-982F-25F6ABB7B613}.Debug|Any CPU.ActiveCfg = Debug|Any CPU
		{38A0A41C-E38E-4ABA-982F-25F6ABB7B613}.Debug|Any CPU.Build.0 = Debug|Any CPU
		{38A0A41C-E38E-4ABA-982F-25F6ABB7B613}.Release|Any CPU.ActiveCfg = Release|Any CPU
		{38A0A41C-E38E-4ABA-982F-25F6ABB7B613}.Release|Any CPU.Build.0 = Release|Any CPU
		{6E7E34E9-CFBC-44F3-839E-D75A1DC43781}.Debug|Any CPU.ActiveCfg = Debug|Any CPU
		{6E7E34E9-CFBC-44F3-839E-D75A1DC43781}.Debug|Any CPU.Build.0 = Debug|Any CPU
		{6E7E34E9-CFBC-44F3-839E-D75A1DC43781}.Release|Any CPU.ActiveCfg = Release|Any CPU
		{6E7E34E9-CFBC-44F3-839E-D75A1DC43781}.Release|Any CPU.Build.0 = Release|Any CPU
		{CE1AF5A8-C0AB-427B-A11D-D1A8DB8EB455}.Debug|Any CPU.ActiveCfg = Debug|Any CPU
		{CE1AF5A8-C0AB-427B-A11D-D1A8DB8EB455}.Debug|Any CPU.Build.0 = Debug|Any CPU
		{CE1AF5A8-C0AB-427B-A11D-D1A8DB8EB455}.Release|Any CPU.ActiveCfg = Release|Any CPU
		{CE1AF5A8-C0AB-427B-A11D-D1A8DB8EB455}.Release|Any CPU.Build.0 = Release|Any CPU
		{A10A0212-EEDB-4F66-BA1D-6D1E698A7EAA}.Debug|Any CPU.ActiveCfg = Debug|Any CPU
		{A10A0212-EEDB-4F66-BA1D-6D1E698A7EAA}.Debug|Any CPU.Build.0 = Debug|Any CPU
		{A10A0212-EEDB-4F66-BA1D-6D1E698A7EAA}.Release|Any CPU.ActiveCfg = Release|Any CPU
		{A10A0212-EEDB-4F66-BA1D-6D1E698A7EAA}.Release|Any CPU.Build.0 = Release|Any CPU
		{8BE6FD16-FECA-4B7B-9241-6994A1471A2B}.Debug|Any CPU.ActiveCfg = Debug|Any CPU
		{8BE6FD16-FECA-4B7B-9241-6994A1471A2B}.Debug|Any CPU.Build.0 = Debug|Any CPU
		{8BE6FD16-FECA-4B7B-9241-6994A1471A2B}.Release|Any CPU.ActiveCfg = Release|Any CPU
		{8BE6FD16-FECA-4B7B-9241-6994A1471A2B}.Release|Any CPU.Build.0 = Release|Any CPU
		{45D2DAFC-E21E-40A4-B1D2-21DF2FC56220}.Debug|Any CPU.ActiveCfg = Debug|Any CPU
		{45D2DAFC-E21E-40A4-B1D2-21DF2FC56220}.Debug|Any CPU.Build.0 = Debug|Any CPU
		{45D2DAFC-E21E-40A4-B1D2-21DF2FC56220}.Release|Any CPU.ActiveCfg = Release|Any CPU
		{45D2DAFC-E21E-40A4-B1D2-21DF2FC56220}.Release|Any CPU.Build.0 = Release|Any CPU
		{24BF3113-A6C2-4DC6-823E-985258CB1A2F}.Debug|Any CPU.ActiveCfg = Debug|Any CPU
		{24BF3113-A6C2-4DC6-823E-985258CB1A2F}.Debug|Any CPU.Build.0 = Debug|Any CPU
		{24BF3113-A6C2-4DC6-823E-985258CB1A2F}.Release|Any CPU.ActiveCfg = Release|Any CPU
		{24BF3113-A6C2-4DC6-823E-985258CB1A2F}.Release|Any CPU.Build.0 = Release|Any CPU
		{0A582593-61E2-43B8-B32C-D4F7CFA35548}.Debug|Any CPU.ActiveCfg = Debug|Any CPU
		{0A582593-61E2-43B8-B32C-D4F7CFA35548}.Debug|Any CPU.Build.0 = Debug|Any CPU
		{0A582593-61E2-43B8-B32C-D4F7CFA35548}.Release|Any CPU.ActiveCfg = Release|Any CPU
		{0A582593-61E2-43B8-B32C-D4F7CFA35548}.Release|Any CPU.Build.0 = Release|Any CPU
	EndGlobalSection
EndGlobal
